
Microsoft Visual Studio Solution File, Format Version 12.00
# Visual Studio 15
VisualStudioVersion = 15.0.27004.2006
MinimumVisualStudioVersion = 10.0.40219.1
Project("{FAE04EC0-301F-11D3-BF4B-00C04F79EFBC}") = "PharmacyMobile", "PharmacyMobile\PharmacyMobile.csproj", "{A976AA6E-D9D3-46B7-8ECC-F7E5E4CED09D}"
EndProject
Project("{FAE04EC0-301F-11D3-BF4B-00C04F79EFBC}") = "ModemModule", "GSM_Modem\ModemModule\ModemModule.csproj", "{139825E9-EFCC-472C-A012-D7515814906C}"
EndProject
Project("{FAE04EC0-301F-11D3-BF4B-00C04F79EFBC}") = "CommonLibs", "Logging\CommonLibs.csproj", "{44754DBB-3A19-4892-AB02-EA085333F259}"
EndProject
Project("{FAE04EC0-301F-11D3-BF4B-00C04F79EFBC}") = "TestModem", "TestModem\TestModem.csproj", "{90A53D22-99F7-49B9-B5F4-E714166E2D4E}"
EndProject
Project("{FAE04EC0-301F-11D3-BF4B-00C04F79EFBC}") = "TestModemConsole", "TestModemConsole\TestModemConsole.csproj", "{737C8AEE-AD31-4392-BAA9-D95516A418B1}"
EndProject
Project("{FAE04EC0-301F-11D3-BF4B-00C04F79EFBC}") = "SocketCommunicate", "SocketCommunicate\SocketCommunicate.csproj", "{14FFF27E-2610-4962-BECD-7A68CF51BE8A}"
EndProject
Project("{FAE04EC0-301F-11D3-BF4B-00C04F79EFBC}") = "SmsProviderServerService", "SmsProviderServerService\SmsProviderServerService.csproj", "{6FA9B250-3332-4629-AD42-E5B57A52543C}"
EndProject
Project("{FAE04EC0-301F-11D3-BF4B-00C04F79EFBC}") = "SettingSmsProviderServer", "SettingSmsProviderServer\SettingSmsProviderServer.csproj", "{B9ABF5A6-1A5F-4358-87B5-81EE4DEC518A}"
EndProject
Project("{FAE04EC0-301F-11D3-BF4B-00C04F79EFBC}") = "LocaleResource", "LocaleResource\LocaleResource.csproj", "{649ED662-497B-4CC5-8C48-B93CD25DDA68}"
EndProject
Project("{FAE04EC0-301F-11D3-BF4B-00C04F79EFBC}") = "Sonetwsv", "Sonetwsv\Sonetwsv.csproj", "{E44F5780-DD85-43E0-BF09-E82090E752E0}"
EndProject
Project("{262852C6-CD72-467D-83FE-5EEB1973A190}") = "PharmacyMobileApp", "PharmacyMobileApp\PharmacyMobileApp.jsproj", "{66F0E442-1504-4B9C-80A6-0BC4C2D078BE}"
EndProject
Global
	GlobalSection(SolutionConfigurationPlatforms) = preSolution
		Debug|Android = Debug|Android
		Debug|Any CPU = Debug|Any CPU
		Debug|iOS = Debug|iOS
		Debug|Windows-ARM = Debug|Windows-ARM
		Debug|Windows-x64 = Debug|Windows-x64
		Debug|Windows-x86 = Debug|Windows-x86
		Debug|x86 = Debug|x86
		Release|Android = Release|Android
		Release|Any CPU = Release|Any CPU
		Release|iOS = Release|iOS
		Release|Windows-ARM = Release|Windows-ARM
		Release|Windows-x64 = Release|Windows-x64
		Release|Windows-x86 = Release|Windows-x86
		Release|x86 = Release|x86
	EndGlobalSection
	GlobalSection(ProjectConfigurationPlatforms) = postSolution
		{A976AA6E-D9D3-46B7-8ECC-F7E5E4CED09D}.Debug|Android.ActiveCfg = Debug|Any CPU
		{A976AA6E-D9D3-46B7-8ECC-F7E5E4CED09D}.Debug|Android.Build.0 = Debug|Any CPU
		{A976AA6E-D9D3-46B7-8ECC-F7E5E4CED09D}.Debug|Any CPU.ActiveCfg = Debug|Any CPU
		{A976AA6E-D9D3-46B7-8ECC-F7E5E4CED09D}.Debug|Any CPU.Build.0 = Debug|Any CPU
		{A976AA6E-D9D3-46B7-8ECC-F7E5E4CED09D}.Debug|iOS.ActiveCfg = Debug|Any CPU
		{A976AA6E-D9D3-46B7-8ECC-F7E5E4CED09D}.Debug|iOS.Build.0 = Debug|Any CPU
		{A976AA6E-D9D3-46B7-8ECC-F7E5E4CED09D}.Debug|Windows-ARM.ActiveCfg = Debug|Any CPU
		{A976AA6E-D9D3-46B7-8ECC-F7E5E4CED09D}.Debug|Windows-ARM.Build.0 = Debug|Any CPU
		{A976AA6E-D9D3-46B7-8ECC-F7E5E4CED09D}.Debug|Windows-x64.ActiveCfg = Debug|Any CPU
		{A976AA6E-D9D3-46B7-8ECC-F7E5E4CED09D}.Debug|Windows-x64.Build.0 = Debug|Any CPU
		{A976AA6E-D9D3-46B7-8ECC-F7E5E4CED09D}.Debug|Windows-x86.ActiveCfg = Debug|Any CPU
		{A976AA6E-D9D3-46B7-8ECC-F7E5E4CED09D}.Debug|Windows-x86.Build.0 = Debug|Any CPU
		{A976AA6E-D9D3-46B7-8ECC-F7E5E4CED09D}.Debug|x86.ActiveCfg = Debug|x86
		{A976AA6E-D9D3-46B7-8ECC-F7E5E4CED09D}.Debug|x86.Build.0 = Debug|x86
		{A976AA6E-D9D3-46B7-8ECC-F7E5E4CED09D}.Release|Android.ActiveCfg = Release|Any CPU
		{A976AA6E-D9D3-46B7-8ECC-F7E5E4CED09D}.Release|Android.Build.0 = Release|Any CPU
		{A976AA6E-D9D3-46B7-8ECC-F7E5E4CED09D}.Release|Any CPU.ActiveCfg = Release|Any CPU
		{A976AA6E-D9D3-46B7-8ECC-F7E5E4CED09D}.Release|Any CPU.Build.0 = Release|Any CPU
		{A976AA6E-D9D3-46B7-8ECC-F7E5E4CED09D}.Release|iOS.ActiveCfg = Release|Any CPU
		{A976AA6E-D9D3-46B7-8ECC-F7E5E4CED09D}.Release|iOS.Build.0 = Release|Any CPU
		{A976AA6E-D9D3-46B7-8ECC-F7E5E4CED09D}.Release|Windows-ARM.ActiveCfg = Release|Any CPU
		{A976AA6E-D9D3-46B7-8ECC-F7E5E4CED09D}.Release|Windows-ARM.Build.0 = Release|Any CPU
		{A976AA6E-D9D3-46B7-8ECC-F7E5E4CED09D}.Release|Windows-x64.ActiveCfg = Release|Any CPU
		{A976AA6E-D9D3-46B7-8ECC-F7E5E4CED09D}.Release|Windows-x64.Build.0 = Release|Any CPU
		{A976AA6E-D9D3-46B7-8ECC-F7E5E4CED09D}.Release|Windows-x86.ActiveCfg = Release|Any CPU
		{A976AA6E-D9D3-46B7-8ECC-F7E5E4CED09D}.Release|Windows-x86.Build.0 = Release|Any CPU
		{A976AA6E-D9D3-46B7-8ECC-F7E5E4CED09D}.Release|x86.ActiveCfg = Release|x86
		{A976AA6E-D9D3-46B7-8ECC-F7E5E4CED09D}.Release|x86.Build.0 = Release|x86
		{139825E9-EFCC-472C-A012-D7515814906C}.Debug|Android.ActiveCfg = Debug|Any CPU
		{139825E9-EFCC-472C-A012-D7515814906C}.Debug|Android.Build.0 = Debug|Any CPU
		{139825E9-EFCC-472C-A012-D7515814906C}.Debug|Any CPU.ActiveCfg = Debug|Any CPU
		{139825E9-EFCC-472C-A012-D7515814906C}.Debug|Any CPU.Build.0 = Debug|Any CPU
		{139825E9-EFCC-472C-A012-D7515814906C}.Debug|iOS.ActiveCfg = Debug|Any CPU
		{139825E9-EFCC-472C-A012-D7515814906C}.Debug|iOS.Build.0 = Debug|Any CPU
		{139825E9-EFCC-472C-A012-D7515814906C}.Debug|Windows-ARM.ActiveCfg = Debug|Any CPU
		{139825E9-EFCC-472C-A012-D7515814906C}.Debug|Windows-ARM.Build.0 = Debug|Any CPU
		{139825E9-EFCC-472C-A012-D7515814906C}.Debug|Windows-x64.ActiveCfg = Debug|Any CPU
		{139825E9-EFCC-472C-A012-D7515814906C}.Debug|Windows-x64.Build.0 = Debug|Any CPU
		{139825E9-EFCC-472C-A012-D7515814906C}.Debug|Windows-x86.ActiveCfg = Debug|Any CPU
		{139825E9-EFCC-472C-A012-D7515814906C}.Debug|Windows-x86.Build.0 = Debug|Any CPU
		{139825E9-EFCC-472C-A012-D7515814906C}.Debug|x86.ActiveCfg = Debug|x86
		{139825E9-EFCC-472C-A012-D7515814906C}.Debug|x86.Build.0 = Debug|x86
		{139825E9-EFCC-472C-A012-D7515814906C}.Release|Android.ActiveCfg = Release|Any CPU
		{139825E9-EFCC-472C-A012-D7515814906C}.Release|Android.Build.0 = Release|Any CPU
		{139825E9-EFCC-472C-A012-D7515814906C}.Release|Any CPU.ActiveCfg = Release|Any CPU
		{139825E9-EFCC-472C-A012-D7515814906C}.Release|Any CPU.Build.0 = Release|Any CPU
		{139825E9-EFCC-472C-A012-D7515814906C}.Release|iOS.ActiveCfg = Release|Any CPU
		{139825E9-EFCC-472C-A012-D7515814906C}.Release|iOS.Build.0 = Release|Any CPU
		{139825E9-EFCC-472C-A012-D7515814906C}.Release|Windows-ARM.ActiveCfg = Release|Any CPU
		{139825E9-EFCC-472C-A012-D7515814906C}.Release|Windows-ARM.Build.0 = Release|Any CPU
		{139825E9-EFCC-472C-A012-D7515814906C}.Release|Windows-x64.ActiveCfg = Release|Any CPU
		{139825E9-EFCC-472C-A012-D7515814906C}.Release|Windows-x64.Build.0 = Release|Any CPU
		{139825E9-EFCC-472C-A012-D7515814906C}.Release|Windows-x86.ActiveCfg = Release|Any CPU
		{139825E9-EFCC-472C-A012-D7515814906C}.Release|Windows-x86.Build.0 = Release|Any CPU
		{139825E9-EFCC-472C-A012-D7515814906C}.Release|x86.ActiveCfg = Release|x86
		{139825E9-EFCC-472C-A012-D7515814906C}.Release|x86.Build.0 = Release|x86
		{44754DBB-3A19-4892-AB02-EA085333F259}.Debug|Android.ActiveCfg = Debug|Any CPU
		{44754DBB-3A19-4892-AB02-EA085333F259}.Debug|Android.Build.0 = Debug|Any CPU
		{44754DBB-3A19-4892-AB02-EA085333F259}.Debug|Any CPU.ActiveCfg = Debug|Any CPU
		{44754DBB-3A19-4892-AB02-EA085333F259}.Debug|Any CPU.Build.0 = Debug|Any CPU
		{44754DBB-3A19-4892-AB02-EA085333F259}.Debug|iOS.ActiveCfg = Debug|Any CPU
		{44754DBB-3A19-4892-AB02-EA085333F259}.Debug|iOS.Build.0 = Debug|Any CPU
		{44754DBB-3A19-4892-AB02-EA085333F259}.Debug|Windows-ARM.ActiveCfg = Debug|Any CPU
		{44754DBB-3A19-4892-AB02-EA085333F259}.Debug|Windows-ARM.Build.0 = Debug|Any CPU
		{44754DBB-3A19-4892-AB02-EA085333F259}.Debug|Windows-x64.ActiveCfg = Debug|Any CPU
		{44754DBB-3A19-4892-AB02-EA085333F259}.Debug|Windows-x64.Build.0 = Debug|Any CPU
		{44754DBB-3A19-4892-AB02-EA085333F259}.Debug|Windows-x86.ActiveCfg = Debug|Any CPU
		{44754DBB-3A19-4892-AB02-EA085333F259}.Debug|Windows-x86.Build.0 = Debug|Any CPU
		{44754DBB-3A19-4892-AB02-EA085333F259}.Debug|x86.ActiveCfg = Debug|x86
		{44754DBB-3A19-4892-AB02-EA085333F259}.Debug|x86.Build.0 = Debug|x86
		{44754DBB-3A19-4892-AB02-EA085333F259}.Release|Android.ActiveCfg = Release|Any CPU
		{44754DBB-3A19-4892-AB02-EA085333F259}.Release|Android.Build.0 = Release|Any CPU
		{44754DBB-3A19-4892-AB02-EA085333F259}.Release|Any CPU.ActiveCfg = Release|Any CPU
		{44754DBB-3A19-4892-AB02-EA085333F259}.Release|Any CPU.Build.0 = Release|Any CPU
		{44754DBB-3A19-4892-AB02-EA085333F259}.Release|iOS.ActiveCfg = Release|Any CPU
		{44754DBB-3A19-4892-AB02-EA085333F259}.Release|iOS.Build.0 = Release|Any CPU
		{44754DBB-3A19-4892-AB02-EA085333F259}.Release|Windows-ARM.ActiveCfg = Release|Any CPU
		{44754DBB-3A19-4892-AB02-EA085333F259}.Release|Windows-ARM.Build.0 = Release|Any CPU
		{44754DBB-3A19-4892-AB02-EA085333F259}.Release|Windows-x64.ActiveCfg = Release|Any CPU
		{44754DBB-3A19-4892-AB02-EA085333F259}.Release|Windows-x64.Build.0 = Release|Any CPU
		{44754DBB-3A19-4892-AB02-EA085333F259}.Release|Windows-x86.ActiveCfg = Release|Any CPU
		{44754DBB-3A19-4892-AB02-EA085333F259}.Release|Windows-x86.Build.0 = Release|Any CPU
		{44754DBB-3A19-4892-AB02-EA085333F259}.Release|x86.ActiveCfg = Release|x86
		{44754DBB-3A19-4892-AB02-EA085333F259}.Release|x86.Build.0 = Release|x86
		{90A53D22-99F7-49B9-B5F4-E714166E2D4E}.Debug|Android.ActiveCfg = Debug|Any CPU
		{90A53D22-99F7-49B9-B5F4-E714166E2D4E}.Debug|Android.Build.0 = Debug|Any CPU
		{90A53D22-99F7-49B9-B5F4-E714166E2D4E}.Debug|Any CPU.ActiveCfg = Debug|Any CPU
		{90A53D22-99F7-49B9-B5F4-E714166E2D4E}.Debug|Any CPU.Build.0 = Debug|Any CPU
		{90A53D22-99F7-49B9-B5F4-E714166E2D4E}.Debug|iOS.ActiveCfg = Debug|Any CPU
		{90A53D22-99F7-49B9-B5F4-E714166E2D4E}.Debug|iOS.Build.0 = Debug|Any CPU
		{90A53D22-99F7-49B9-B5F4-E714166E2D4E}.Debug|Windows-ARM.ActiveCfg = Debug|Any CPU
		{90A53D22-99F7-49B9-B5F4-E714166E2D4E}.Debug|Windows-ARM.Build.0 = Debug|Any CPU
		{90A53D22-99F7-49B9-B5F4-E714166E2D4E}.Debug|Windows-x64.ActiveCfg = Debug|Any CPU
		{90A53D22-99F7-49B9-B5F4-E714166E2D4E}.Debug|Windows-x64.Build.0 = Debug|Any CPU
		{90A53D22-99F7-49B9-B5F4-E714166E2D4E}.Debug|Windows-x86.ActiveCfg = Debug|Any CPU
		{90A53D22-99F7-49B9-B5F4-E714166E2D4E}.Debug|Windows-x86.Build.0 = Debug|Any CPU
		{90A53D22-99F7-49B9-B5F4-E714166E2D4E}.Debug|x86.ActiveCfg = Debug|x86
		{90A53D22-99F7-49B9-B5F4-E714166E2D4E}.Debug|x86.Build.0 = Debug|x86
		{90A53D22-99F7-49B9-B5F4-E714166E2D4E}.Release|Android.ActiveCfg = Release|Any CPU
		{90A53D22-99F7-49B9-B5F4-E714166E2D4E}.Release|Android.Build.0 = Release|Any CPU
		{90A53D22-99F7-49B9-B5F4-E714166E2D4E}.Release|Any CPU.ActiveCfg = Release|Any CPU
		{90A53D22-99F7-49B9-B5F4-E714166E2D4E}.Release|Any CPU.Build.0 = Release|Any CPU
		{90A53D22-99F7-49B9-B5F4-E714166E2D4E}.Release|iOS.ActiveCfg = Release|Any CPU
		{90A53D22-99F7-49B9-B5F4-E714166E2D4E}.Release|iOS.Build.0 = Release|Any CPU
		{90A53D22-99F7-49B9-B5F4-E714166E2D4E}.Release|Windows-ARM.ActiveCfg = Release|Any CPU
		{90A53D22-99F7-49B9-B5F4-E714166E2D4E}.Release|Windows-ARM.Build.0 = Release|Any CPU
		{90A53D22-99F7-49B9-B5F4-E714166E2D4E}.Release|Windows-x64.ActiveCfg = Release|Any CPU
		{90A53D22-99F7-49B9-B5F4-E714166E2D4E}.Release|Windows-x64.Build.0 = Release|Any CPU
		{90A53D22-99F7-49B9-B5F4-E714166E2D4E}.Release|Windows-x86.ActiveCfg = Release|Any CPU
		{90A53D22-99F7-49B9-B5F4-E714166E2D4E}.Release|Windows-x86.Build.0 = Release|Any CPU
		{90A53D22-99F7-49B9-B5F4-E714166E2D4E}.Release|x86.ActiveCfg = Release|x86
		{90A53D22-99F7-49B9-B5F4-E714166E2D4E}.Release|x86.Build.0 = Release|x86
		{737C8AEE-AD31-4392-BAA9-D95516A418B1}.Debug|Android.ActiveCfg = Debug|Any CPU
		{737C8AEE-AD31-4392-BAA9-D95516A418B1}.Debug|Android.Build.0 = Debug|Any CPU
		{737C8AEE-AD31-4392-BAA9-D95516A418B1}.Debug|Any CPU.ActiveCfg = Debug|Any CPU
		{737C8AEE-AD31-4392-BAA9-D95516A418B1}.Debug|Any CPU.Build.0 = Debug|Any CPU
		{737C8AEE-AD31-4392-BAA9-D95516A418B1}.Debug|iOS.ActiveCfg = Debug|Any CPU
		{737C8AEE-AD31-4392-BAA9-D95516A418B1}.Debug|iOS.Build.0 = Debug|Any CPU
		{737C8AEE-AD31-4392-BAA9-D95516A418B1}.Debug|Windows-ARM.ActiveCfg = Debug|Any CPU
		{737C8AEE-AD31-4392-BAA9-D95516A418B1}.Debug|Windows-ARM.Build.0 = Debug|Any CPU
		{737C8AEE-AD31-4392-BAA9-D95516A418B1}.Debug|Windows-x64.ActiveCfg = Debug|Any CPU
		{737C8AEE-AD31-4392-BAA9-D95516A418B1}.Debug|Windows-x64.Build.0 = Debug|Any CPU
		{737C8AEE-AD31-4392-BAA9-D95516A418B1}.Debug|Windows-x86.ActiveCfg = Debug|Any CPU
		{737C8AEE-AD31-4392-BAA9-D95516A418B1}.Debug|Windows-x86.Build.0 = Debug|Any CPU
		{737C8AEE-AD31-4392-BAA9-D95516A418B1}.Debug|x86.ActiveCfg = Debug|x86
		{737C8AEE-AD31-4392-BAA9-D95516A418B1}.Debug|x86.Build.0 = Debug|x86
		{737C8AEE-AD31-4392-BAA9-D95516A418B1}.Release|Android.ActiveCfg = Release|Any CPU
		{737C8AEE-AD31-4392-BAA9-D95516A418B1}.Release|Android.Build.0 = Release|Any CPU
		{737C8AEE-AD31-4392-BAA9-D95516A418B1}.Release|Any CPU.ActiveCfg = Release|Any CPU
		{737C8AEE-AD31-4392-BAA9-D95516A418B1}.Release|Any CPU.Build.0 = Release|Any CPU
		{737C8AEE-AD31-4392-BAA9-D95516A418B1}.Release|iOS.ActiveCfg = Release|Any CPU
		{737C8AEE-AD31-4392-BAA9-D95516A418B1}.Release|iOS.Build.0 = Release|Any CPU
		{737C8AEE-AD31-4392-BAA9-D95516A418B1}.Release|Windows-ARM.ActiveCfg = Release|Any CPU
		{737C8AEE-AD31-4392-BAA9-D95516A418B1}.Release|Windows-ARM.Build.0 = Release|Any CPU
		{737C8AEE-AD31-4392-BAA9-D95516A418B1}.Release|Windows-x64.ActiveCfg = Release|Any CPU
		{737C8AEE-AD31-4392-BAA9-D95516A418B1}.Release|Windows-x64.Build.0 = Release|Any CPU
		{737C8AEE-AD31-4392-BAA9-D95516A418B1}.Release|Windows-x86.ActiveCfg = Release|Any CPU
		{737C8AEE-AD31-4392-BAA9-D95516A418B1}.Release|Windows-x86.Build.0 = Release|Any CPU
		{737C8AEE-AD31-4392-BAA9-D95516A418B1}.Release|x86.ActiveCfg = Release|x86
		{737C8AEE-AD31-4392-BAA9-D95516A418B1}.Release|x86.Build.0 = Release|x86
		{14FFF27E-2610-4962-BECD-7A68CF51BE8A}.Debug|Android.ActiveCfg = Debug|Any CPU
		{14FFF27E-2610-4962-BECD-7A68CF51BE8A}.Debug|Android.Build.0 = Debug|Any CPU
		{14FFF27E-2610-4962-BECD-7A68CF51BE8A}.Debug|Any CPU.ActiveCfg = Debug|Any CPU
		{14FFF27E-2610-4962-BECD-7A68CF51BE8A}.Debug|Any CPU.Build.0 = Debug|Any CPU
		{14FFF27E-2610-4962-BECD-7A68CF51BE8A}.Debug|iOS.ActiveCfg = Debug|Any CPU
		{14FFF27E-2610-4962-BECD-7A68CF51BE8A}.Debug|iOS.Build.0 = Debug|Any CPU
		{14FFF27E-2610-4962-BECD-7A68CF51BE8A}.Debug|Windows-ARM.ActiveCfg = Debug|Any CPU
		{14FFF27E-2610-4962-BECD-7A68CF51BE8A}.Debug|Windows-ARM.Build.0 = Debug|Any CPU
		{14FFF27E-2610-4962-BECD-7A68CF51BE8A}.Debug|Windows-x64.ActiveCfg = Debug|Any CPU
		{14FFF27E-2610-4962-BECD-7A68CF51BE8A}.Debug|Windows-x64.Build.0 = Debug|Any CPU
		{14FFF27E-2610-4962-BECD-7A68CF51BE8A}.Debug|Windows-x86.ActiveCfg = Debug|Any CPU
		{14FFF27E-2610-4962-BECD-7A68CF51BE8A}.Debug|Windows-x86.Build.0 = Debug|Any CPU
		{14FFF27E-2610-4962-BECD-7A68CF51BE8A}.Debug|x86.ActiveCfg = Debug|Any CPU
		{14FFF27E-2610-4962-BECD-7A68CF51BE8A}.Debug|x86.Build.0 = Debug|Any CPU
		{14FFF27E-2610-4962-BECD-7A68CF51BE8A}.Release|Android.ActiveCfg = Release|Any CPU
		{14FFF27E-2610-4962-BECD-7A68CF51BE8A}.Release|Android.Build.0 = Release|Any CPU
		{14FFF27E-2610-4962-BECD-7A68CF51BE8A}.Release|Any CPU.ActiveCfg = Release|Any CPU
		{14FFF27E-2610-4962-BECD-7A68CF51BE8A}.Release|Any CPU.Build.0 = Release|Any CPU
		{14FFF27E-2610-4962-BECD-7A68CF51BE8A}.Release|iOS.ActiveCfg = Release|Any CPU
		{14FFF27E-2610-4962-BECD-7A68CF51BE8A}.Release|iOS.Build.0 = Release|Any CPU
		{14FFF27E-2610-4962-BECD-7A68CF51BE8A}.Release|Windows-ARM.ActiveCfg = Release|Any CPU
		{14FFF27E-2610-4962-BECD-7A68CF51BE8A}.Release|Windows-ARM.Build.0 = Release|Any CPU
		{14FFF27E-2610-4962-BECD-7A68CF51BE8A}.Release|Windows-x64.ActiveCfg = Release|Any CPU
		{14FFF27E-2610-4962-BECD-7A68CF51BE8A}.Release|Windows-x64.Build.0 = Release|Any CPU
		{14FFF27E-2610-4962-BECD-7A68CF51BE8A}.Release|Windows-x86.ActiveCfg = Release|Any CPU
		{14FFF27E-2610-4962-BECD-7A68CF51BE8A}.Release|Windows-x86.Build.0 = Release|Any CPU
		{14FFF27E-2610-4962-BECD-7A68CF51BE8A}.Release|x86.ActiveCfg = Release|Any CPU
		{14FFF27E-2610-4962-BECD-7A68CF51BE8A}.Release|x86.Build.0 = Release|Any CPU
		{6FA9B250-3332-4629-AD42-E5B57A52543C}.Debug|Android.ActiveCfg = Debug|Any CPU
		{6FA9B250-3332-4629-AD42-E5B57A52543C}.Debug|Android.Build.0 = Debug|Any CPU
		{6FA9B250-3332-4629-AD42-E5B57A52543C}.Debug|Any CPU.ActiveCfg = Debug|Any CPU
		{6FA9B250-3332-4629-AD42-E5B57A52543C}.Debug|Any CPU.Build.0 = Debug|Any CPU
		{6FA9B250-3332-4629-AD42-E5B57A52543C}.Debug|iOS.ActiveCfg = Debug|Any CPU
		{6FA9B250-3332-4629-AD42-E5B57A52543C}.Debug|iOS.Build.0 = Debug|Any CPU
		{6FA9B250-3332-4629-AD42-E5B57A52543C}.Debug|Windows-ARM.ActiveCfg = Debug|Any CPU
		{6FA9B250-3332-4629-AD42-E5B57A52543C}.Debug|Windows-ARM.Build.0 = Debug|Any CPU
		{6FA9B250-3332-4629-AD42-E5B57A52543C}.Debug|Windows-x64.ActiveCfg = Debug|Any CPU
		{6FA9B250-3332-4629-AD42-E5B57A52543C}.Debug|Windows-x64.Build.0 = Debug|Any CPU
		{6FA9B250-3332-4629-AD42-E5B57A52543C}.Debug|Windows-x86.ActiveCfg = Debug|Any CPU
		{6FA9B250-3332-4629-AD42-E5B57A52543C}.Debug|Windows-x86.Build.0 = Debug|Any CPU
		{6FA9B250-3332-4629-AD42-E5B57A52543C}.Debug|x86.ActiveCfg = Debug|Any CPU
		{6FA9B250-3332-4629-AD42-E5B57A52543C}.Debug|x86.Build.0 = Debug|Any CPU
		{6FA9B250-3332-4629-AD42-E5B57A52543C}.Release|Android.ActiveCfg = Release|Any CPU
		{6FA9B250-3332-4629-AD42-E5B57A52543C}.Release|Android.Build.0 = Release|Any CPU
		{6FA9B250-3332-4629-AD42-E5B57A52543C}.Release|Any CPU.ActiveCfg = Release|Any CPU
		{6FA9B250-3332-4629-AD42-E5B57A52543C}.Release|Any CPU.Build.0 = Release|Any CPU
		{6FA9B250-3332-4629-AD42-E5B57A52543C}.Release|iOS.ActiveCfg = Release|Any CPU
		{6FA9B250-3332-4629-AD42-E5B57A52543C}.Release|iOS.Build.0 = Release|Any CPU
		{6FA9B250-3332-4629-AD42-E5B57A52543C}.Release|Windows-ARM.ActiveCfg = Release|Any CPU
		{6FA9B250-3332-4629-AD42-E5B57A52543C}.Release|Windows-ARM.Build.0 = Release|Any CPU
		{6FA9B250-3332-4629-AD42-E5B57A52543C}.Release|Windows-x64.ActiveCfg = Release|Any CPU
		{6FA9B250-3332-4629-AD42-E5B57A52543C}.Release|Windows-x64.Build.0 = Release|Any CPU
		{6FA9B250-3332-4629-AD42-E5B57A52543C}.Release|Windows-x86.ActiveCfg = Release|Any CPU
		{6FA9B250-3332-4629-AD42-E5B57A52543C}.Release|Windows-x86.Build.0 = Release|Any CPU
		{6FA9B250-3332-4629-AD42-E5B57A52543C}.Release|x86.ActiveCfg = Release|Any CPU
		{6FA9B250-3332-4629-AD42-E5B57A52543C}.Release|x86.Build.0 = Release|Any CPU
		{B9ABF5A6-1A5F-4358-87B5-81EE4DEC518A}.Debug|Android.ActiveCfg = Debug|Any CPU
		{B9ABF5A6-1A5F-4358-87B5-81EE4DEC518A}.Debug|Android.Build.0 = Debug|Any CPU
		{B9ABF5A6-1A5F-4358-87B5-81EE4DEC518A}.Debug|Any CPU.ActiveCfg = Debug|Any CPU
		{B9ABF5A6-1A5F-4358-87B5-81EE4DEC518A}.Debug|Any CPU.Build.0 = Debug|Any CPU
		{B9ABF5A6-1A5F-4358-87B5-81EE4DEC518A}.Debug|iOS.ActiveCfg = Debug|Any CPU
		{B9ABF5A6-1A5F-4358-87B5-81EE4DEC518A}.Debug|iOS.Build.0 = Debug|Any CPU
		{B9ABF5A6-1A5F-4358-87B5-81EE4DEC518A}.Debug|Windows-ARM.ActiveCfg = Debug|Any CPU
		{B9ABF5A6-1A5F-4358-87B5-81EE4DEC518A}.Debug|Windows-ARM.Build.0 = Debug|Any CPU
		{B9ABF5A6-1A5F-4358-87B5-81EE4DEC518A}.Debug|Windows-x64.ActiveCfg = Debug|Any CPU
		{B9ABF5A6-1A5F-4358-87B5-81EE4DEC518A}.Debug|Windows-x64.Build.0 = Debug|Any CPU
		{B9ABF5A6-1A5F-4358-87B5-81EE4DEC518A}.Debug|Windows-x86.ActiveCfg = Debug|Any CPU
		{B9ABF5A6-1A5F-4358-87B5-81EE4DEC518A}.Debug|Windows-x86.Build.0 = Debug|Any CPU
		{B9ABF5A6-1A5F-4358-87B5-81EE4DEC518A}.Debug|x86.ActiveCfg = Debug|Any CPU
		{B9ABF5A6-1A5F-4358-87B5-81EE4DEC518A}.Debug|x86.Build.0 = Debug|Any CPU
		{B9ABF5A6-1A5F-4358-87B5-81EE4DEC518A}.Release|Android.ActiveCfg = Release|Any CPU
		{B9ABF5A6-1A5F-4358-87B5-81EE4DEC518A}.Release|Android.Build.0 = Release|Any CPU
		{B9ABF5A6-1A5F-4358-87B5-81EE4DEC518A}.Release|Any CPU.ActiveCfg = Release|Any CPU
		{B9ABF5A6-1A5F-4358-87B5-81EE4DEC518A}.Release|Any CPU.Build.0 = Release|Any CPU
		{B9ABF5A6-1A5F-4358-87B5-81EE4DEC518A}.Release|iOS.ActiveCfg = Release|Any CPU
		{B9ABF5A6-1A5F-4358-87B5-81EE4DEC518A}.Release|iOS.Build.0 = Release|Any CPU
		{B9ABF5A6-1A5F-4358-87B5-81EE4DEC518A}.Release|Windows-ARM.ActiveCfg = Release|Any CPU
		{B9ABF5A6-1A5F-4358-87B5-81EE4DEC518A}.Release|Windows-ARM.Build.0 = Release|Any CPU
		{B9ABF5A6-1A5F-4358-87B5-81EE4DEC518A}.Release|Windows-x64.ActiveCfg = Release|Any CPU
		{B9ABF5A6-1A5F-4358-87B5-81EE4DEC518A}.Release|Windows-x64.Build.0 = Release|Any CPU
		{B9ABF5A6-1A5F-4358-87B5-81EE4DEC518A}.Release|Windows-x86.ActiveCfg = Release|Any CPU
		{B9ABF5A6-1A5F-4358-87B5-81EE4DEC518A}.Release|Windows-x86.Build.0 = Release|Any CPU
		{B9ABF5A6-1A5F-4358-87B5-81EE4DEC518A}.Release|x86.ActiveCfg = Release|Any CPU
		{B9ABF5A6-1A5F-4358-87B5-81EE4DEC518A}.Release|x86.Build.0 = Release|Any CPU
		{649ED662-497B-4CC5-8C48-B93CD25DDA68}.Debug|Android.ActiveCfg = Debug|Any CPU
		{649ED662-497B-4CC5-8C48-B93CD25DDA68}.Debug|Android.Build.0 = Debug|Any CPU
		{649ED662-497B-4CC5-8C48-B93CD25DDA68}.Debug|Any CPU.ActiveCfg = Debug|Any CPU
		{649ED662-497B-4CC5-8C48-B93CD25DDA68}.Debug|Any CPU.Build.0 = Debug|Any CPU
		{649ED662-497B-4CC5-8C48-B93CD25DDA68}.Debug|iOS.ActiveCfg = Debug|Any CPU
		{649ED662-497B-4CC5-8C48-B93CD25DDA68}.Debug|iOS.Build.0 = Debug|Any CPU
		{649ED662-497B-4CC5-8C48-B93CD25DDA68}.Debug|Windows-ARM.ActiveCfg = Debug|Any CPU
		{649ED662-497B-4CC5-8C48-B93CD25DDA68}.Debug|Windows-ARM.Build.0 = Debug|Any CPU
		{649ED662-497B-4CC5-8C48-B93CD25DDA68}.Debug|Windows-x64.ActiveCfg = Debug|Any CPU
		{649ED662-497B-4CC5-8C48-B93CD25DDA68}.Debug|Windows-x64.Build.0 = Debug|Any CPU
		{649ED662-497B-4CC5-8C48-B93CD25DDA68}.Debug|Windows-x86.ActiveCfg = Debug|Any CPU
		{649ED662-497B-4CC5-8C48-B93CD25DDA68}.Debug|Windows-x86.Build.0 = Debug|Any CPU
		{649ED662-497B-4CC5-8C48-B93CD25DDA68}.Debug|x86.ActiveCfg = Debug|Any CPU
		{649ED662-497B-4CC5-8C48-B93CD25DDA68}.Debug|x86.Build.0 = Debug|Any CPU
		{649ED662-497B-4CC5-8C48-B93CD25DDA68}.Release|Android.ActiveCfg = Release|Any CPU
		{649ED662-497B-4CC5-8C48-B93CD25DDA68}.Release|Android.Build.0 = Release|Any CPU
		{649ED662-497B-4CC5-8C48-B93CD25DDA68}.Release|Any CPU.ActiveCfg = Release|Any CPU
		{649ED662-497B-4CC5-8C48-B93CD25DDA68}.Release|Any CPU.Build.0 = Release|Any CPU
		{649ED662-497B-4CC5-8C48-B93CD25DDA68}.Release|iOS.ActiveCfg = Release|Any CPU
		{649ED662-497B-4CC5-8C48-B93CD25DDA68}.Release|iOS.Build.0 = Release|Any CPU
		{649ED662-497B-4CC5-8C48-B93CD25DDA68}.Release|Windows-ARM.ActiveCfg = Release|Any CPU
		{649ED662-497B-4CC5-8C48-B93CD25DDA68}.Release|Windows-ARM.Build.0 = Release|Any CPU
		{649ED662-497B-4CC5-8C48-B93CD25DDA68}.Release|Windows-x64.ActiveCfg = Release|Any CPU
		{649ED662-497B-4CC5-8C48-B93CD25DDA68}.Release|Windows-x64.Build.0 = Release|Any CPU
		{649ED662-497B-4CC5-8C48-B93CD25DDA68}.Release|Windows-x86.ActiveCfg = Release|Any CPU
		{649ED662-497B-4CC5-8C48-B93CD25DDA68}.Release|Windows-x86.Build.0 = Release|Any CPU
		{649ED662-497B-4CC5-8C48-B93CD25DDA68}.Release|x86.ActiveCfg = Release|Any CPU
		{649ED662-497B-4CC5-8C48-B93CD25DDA68}.Release|x86.Build.0 = Release|Any CPU
		{E44F5780-DD85-43E0-BF09-E82090E752E0}.Debug|Android.ActiveCfg = Debug|Any CPU
		{E44F5780-DD85-43E0-BF09-E82090E752E0}.Debug|Android.Build.0 = Debug|Any CPU
		{E44F5780-DD85-43E0-BF09-E82090E752E0}.Debug|Any CPU.ActiveCfg = Debug|Any CPU
		{E44F5780-DD85-43E0-BF09-E82090E752E0}.Debug|Any CPU.Build.0 = Debug|Any CPU
		{E44F5780-DD85-43E0-BF09-E82090E752E0}.Debug|iOS.ActiveCfg = Debug|Any CPU
		{E44F5780-DD85-43E0-BF09-E82090E752E0}.Debug|iOS.Build.0 = Debug|Any CPU
		{E44F5780-DD85-43E0-BF09-E82090E752E0}.Debug|Windows-ARM.ActiveCfg = Debug|Any CPU
		{E44F5780-DD85-43E0-BF09-E82090E752E0}.Debug|Windows-ARM.Build.0 = Debug|Any CPU
		{E44F5780-DD85-43E0-BF09-E82090E752E0}.Debug|Windows-x64.ActiveCfg = Debug|Any CPU
		{E44F5780-DD85-43E0-BF09-E82090E752E0}.Debug|Windows-x64.Build.0 = Debug|Any CPU
		{E44F5780-DD85-43E0-BF09-E82090E752E0}.Debug|Windows-x86.ActiveCfg = Debug|Any CPU
		{E44F5780-DD85-43E0-BF09-E82090E752E0}.Debug|Windows-x86.Build.0 = Debug|Any CPU
		{E44F5780-DD85-43E0-BF09-E82090E752E0}.Debug|x86.ActiveCfg = Debug|Any CPU
		{E44F5780-DD85-43E0-BF09-E82090E752E0}.Debug|x86.Build.0 = Debug|Any CPU
		{E44F5780-DD85-43E0-BF09-E82090E752E0}.Release|Android.ActiveCfg = Release|Any CPU
		{E44F5780-DD85-43E0-BF09-E82090E752E0}.Release|Android.Build.0 = Release|Any CPU
		{E44F5780-DD85-43E0-BF09-E82090E752E0}.Release|Any CPU.ActiveCfg = Release|Any CPU
		{E44F5780-DD85-43E0-BF09-E82090E752E0}.Release|Any CPU.Build.0 = Release|Any CPU
		{E44F5780-DD85-43E0-BF09-E82090E752E0}.Release|iOS.ActiveCfg = Release|Any CPU
		{E44F5780-DD85-43E0-BF09-E82090E752E0}.Release|iOS.Build.0 = Release|Any CPU
		{E44F5780-DD85-43E0-BF09-E82090E752E0}.Release|Windows-ARM.ActiveCfg = Release|Any CPU
		{E44F5780-DD85-43E0-BF09-E82090E752E0}.Release|Windows-ARM.Build.0 = Release|Any CPU
		{E44F5780-DD85-43E0-BF09-E82090E752E0}.Release|Windows-x64.ActiveCfg = Release|Any CPU
		{E44F5780-DD85-43E0-BF09-E82090E752E0}.Release|Windows-x64.Build.0 = Release|Any CPU
		{E44F5780-DD85-43E0-BF09-E82090E752E0}.Release|Windows-x86.ActiveCfg = Release|Any CPU
		{E44F5780-DD85-43E0-BF09-E82090E752E0}.Release|Windows-x86.Build.0 = Release|Any CPU
		{E44F5780-DD85-43E0-BF09-E82090E752E0}.Release|x86.ActiveCfg = Release|Any CPU
		{E44F5780-DD85-43E0-BF09-E82090E752E0}.Release|x86.Build.0 = Release|Any CPU
		{66F0E442-1504-4B9C-80A6-0BC4C2D078BE}.Debug|Android.ActiveCfg = Debug|Android
		{66F0E442-1504-4B9C-80A6-0BC4C2D078BE}.Debug|Android.Build.0 = Debug|Android
		{66F0E442-1504-4B9C-80A6-0BC4C2D078BE}.Debug|Android.Deploy.0 = Debug|Android
		{66F0E442-1504-4B9C-80A6-0BC4C2D078BE}.Debug|Any CPU.ActiveCfg = Debug|Android
		{66F0E442-1504-4B9C-80A6-0BC4C2D078BE}.Debug|iOS.ActiveCfg = Debug|iOS
		{66F0E442-1504-4B9C-80A6-0BC4C2D078BE}.Debug|iOS.Build.0 = Debug|iOS
		{66F0E442-1504-4B9C-80A6-0BC4C2D078BE}.Debug|iOS.Deploy.0 = Debug|iOS
		{66F0E442-1504-4B9C-80A6-0BC4C2D078BE}.Debug|Windows-ARM.ActiveCfg = Debug|Windows-ARM
		{66F0E442-1504-4B9C-80A6-0BC4C2D078BE}.Debug|Windows-ARM.Build.0 = Debug|Windows-ARM
		{66F0E442-1504-4B9C-80A6-0BC4C2D078BE}.Debug|Windows-ARM.Deploy.0 = Debug|Windows-ARM
		{66F0E442-1504-4B9C-80A6-0BC4C2D078BE}.Debug|Windows-x64.ActiveCfg = Debug|Windows-x64
		{66F0E442-1504-4B9C-80A6-0BC4C2D078BE}.Debug|Windows-x64.Build.0 = Debug|Windows-x64
		{66F0E442-1504-4B9C-80A6-0BC4C2D078BE}.Debug|Windows-x64.Deploy.0 = Debug|Windows-x64
		{66F0E442-1504-4B9C-80A6-0BC4C2D078BE}.Debug|Windows-x86.ActiveCfg = Debug|Windows-x86
		{66F0E442-1504-4B9C-80A6-0BC4C2D078BE}.Debug|Windows-x86.Build.0 = Debug|Windows-x86
		{66F0E442-1504-4B9C-80A6-0BC4C2D078BE}.Debug|Windows-x86.Deploy.0 = Debug|Windows-x86
		{66F0E442-1504-4B9C-80A6-0BC4C2D078BE}.Debug|x86.ActiveCfg = Debug|Windows-x86
		{66F0E442-1504-4B9C-80A6-0BC4C2D078BE}.Release|Android.ActiveCfg = Release|Android
		{66F0E442-1504-4B9C-80A6-0BC4C2D078BE}.Release|Android.Build.0 = Release|Android
		{66F0E442-1504-4B9C-80A6-0BC4C2D078BE}.Release|Android.Deploy.0 = Release|Android
		{66F0E442-1504-4B9C-80A6-0BC4C2D078BE}.Release|Any CPU.ActiveCfg = Release|Android
		{66F0E442-1504-4B9C-80A6-0BC4C2D078BE}.Release|iOS.ActiveCfg = Release|iOS
		{66F0E442-1504-4B9C-80A6-0BC4C2D078BE}.Release|iOS.Build.0 = Release|iOS
		{66F0E442-1504-4B9C-80A6-0BC4C2D078BE}.Release|iOS.Deploy.0 = Release|iOS
		{66F0E442-1504-4B9C-80A6-0BC4C2D078BE}.Release|Windows-ARM.ActiveCfg = Release|Windows-ARM
		{66F0E442-1504-4B9C-80A6-0BC4C2D078BE}.Release|Windows-ARM.Build.0 = Release|Windows-ARM
		{66F0E442-1504-4B9C-80A6-0BC4C2D078BE}.Release|Windows-ARM.Deploy.0 = Release|Windows-ARM
		{66F0E442-1504-4B9C-80A6-0BC4C2D078BE}.Release|Windows-x64.ActiveCfg = Release|Windows-x64
		{66F0E442-1504-4B9C-80A6-0BC4C2D078BE}.Release|Windows-x64.Build.0 = Release|Windows-x64
		{66F0E442-1504-4B9C-80A6-0BC4C2D078BE}.Release|Windows-x64.Deploy.0 = Release|Windows-x64
		{66F0E442-1504-4B9C-80A6-0BC4C2D078BE}.Release|Windows-x86.ActiveCfg = Release|Windows-x86
		{66F0E442-1504-4B9C-80A6-0BC4C2D078BE}.Release|Windows-x86.Build.0 = Release|Windows-x86
		{66F0E442-1504-4B9C-80A6-0BC4C2D078BE}.Release|Windows-x86.Deploy.0 = Release|Windows-x86
		{66F0E442-1504-4B9C-80A6-0BC4C2D078BE}.Release|x86.ActiveCfg = Release|Windows-x86
	EndGlobalSection
	GlobalSection(SolutionProperties) = preSolution
		HideSolutionNode = FALSE
	EndGlobalSection
	GlobalSection(ExtensibilityGlobals) = postSolution
		SolutionGuid = {7282A690-8001-4C99-A9DE-35EF3926909C}
	EndGlobalSection
EndGlobal
